{
    "_readme": [
        "This file locks the dependencies of your project to a known state",
        "Read more about it at http://getcomposer.org/doc/01-basic-usage.md#composer-lock-the-lock-file",
        "This file is @generated automatically"
    ],
    "hash": "f7a316ea7631af5dcb0685e39106ca68",
    "packages": [
        {
            "name": "doctrine/annotations",
            "version": "dev-master",
            "source": {
                "type": "git",
                "url": "https://github.com/doctrine/annotations.git",
                "reference": "b5202eb9e83f8db52e0e58867e0a46e63be8332e"
            },
            "dist": {
                "type": "zip",
                "url": "https://api.github.com/repos/doctrine/annotations/zipball/b5202eb9e83f8db52e0e58867e0a46e63be8332e",
                "reference": "b5202eb9e83f8db52e0e58867e0a46e63be8332e",
                "shasum": ""
            },
            "require": {
                "doctrine/lexer": "1.*",
                "php": ">=5.3.2"
            },
            "require-dev": {
                "doctrine/cache": "1.*",
                "phpunit/phpunit": "4.*"
            },
            "type": "library",
            "extra": {
                "branch-alias": {
                    "dev-master": "1.3.x-dev"
                }
            },
            "autoload": {
                "psr-0": {
                    "Doctrine\\Common\\Annotations\\": "lib/"
                }
            },
            "notification-url": "https://packagist.org/downloads/",
            "license": [
                "MIT"
            ],
            "authors": [
                {
                    "name": "Roman Borschel",
                    "email": "roman@code-factory.org"
                },
                {
                    "name": "Benjamin Eberlei",
                    "email": "kontakt@beberlei.de"
                },
                {
                    "name": "Guilherme Blanco",
                    "email": "guilhermeblanco@gmail.com"
                },
                {
                    "name": "Jonathan Wage",
                    "email": "jonwage@gmail.com"
                },
                {
                    "name": "Johannes Schmitt",
                    "email": "schmittjoh@gmail.com"
                }
            ],
            "description": "Docblock Annotations Parser",
            "homepage": "http://www.doctrine-project.org",
            "keywords": [
                "annotations",
                "docblock",
                "parser"
            ],
            "time": "2014-12-23 22:40:37"
        },
        {
            "name": "doctrine/cache",
            "version": "dev-master",
            "source": {
                "type": "git",
                "url": "https://github.com/doctrine/cache.git",
                "reference": "803a41469d948bc120a6c913399e8bfc8b5d9650"
            },
            "dist": {
                "type": "zip",
                "url": "https://api.github.com/repos/doctrine/cache/zipball/803a41469d948bc120a6c913399e8bfc8b5d9650",
                "reference": "803a41469d948bc120a6c913399e8bfc8b5d9650",
                "shasum": ""
            },
            "require": {
                "php": ">=5.3.2"
            },
            "conflict": {
                "doctrine/common": ">2.2,<2.4"
            },
            "require-dev": {
                "phpunit/phpunit": ">=3.7",
                "predis/predis": "~0.8",
                "satooshi/php-coveralls": "~0.6"
            },
            "type": "library",
            "extra": {
                "branch-alias": {
                    "dev-master": "1.4.x-dev"
                }
            },
            "autoload": {
                "psr-0": {
                    "Doctrine\\Common\\Cache\\": "lib/"
                }
            },
            "notification-url": "https://packagist.org/downloads/",
            "license": [
                "MIT"
            ],
            "authors": [
                {
                    "name": "Roman Borschel",
                    "email": "roman@code-factory.org"
                },
                {
                    "name": "Benjamin Eberlei",
                    "email": "kontakt@beberlei.de"
                },
                {
                    "name": "Guilherme Blanco",
                    "email": "guilhermeblanco@gmail.com"
                },
                {
                    "name": "Jonathan Wage",
                    "email": "jonwage@gmail.com"
                },
                {
                    "name": "Johannes Schmitt",
                    "email": "schmittjoh@gmail.com"
                }
            ],
            "description": "Caching library offering an object-oriented API for many cache backends",
            "homepage": "http://www.doctrine-project.org",
            "keywords": [
                "cache",
                "caching"
            ],
            "time": "2014-12-08 23:13:26"
        },
        {
            "name": "doctrine/lexer",
            "version": "dev-master",
            "source": {
                "type": "git",
                "url": "https://github.com/doctrine/lexer.git",
                "reference": "83893c552fd2045dd78aef794c31e694c37c0b8c"
            },
            "dist": {
                "type": "zip",
                "url": "https://api.github.com/repos/doctrine/lexer/zipball/83893c552fd2045dd78aef794c31e694c37c0b8c",
                "reference": "83893c552fd2045dd78aef794c31e694c37c0b8c",
                "shasum": ""
            },
            "require": {
                "php": ">=5.3.2"
            },
            "type": "library",
            "extra": {
                "branch-alias": {
                    "dev-master": "1.0.x-dev"
                }
            },
            "autoload": {
                "psr-0": {
                    "Doctrine\\Common\\Lexer\\": "lib/"
                }
            },
            "notification-url": "https://packagist.org/downloads/",
            "license": [
                "MIT"
            ],
            "authors": [
                {
                    "name": "Roman Borschel",
                    "email": "roman@code-factory.org"
                },
                {
                    "name": "Guilherme Blanco",
                    "email": "guilhermeblanco@gmail.com"
                },
                {
                    "name": "Johannes Schmitt",
                    "email": "schmittjoh@gmail.com"
                }
            ],
            "description": "Base library for a lexer that can be used in Top-Down, Recursive Descent Parsers.",
            "homepage": "http://www.doctrine-project.org",
            "keywords": [
                "lexer",
                "parser"
            ],
            "time": "2014-09-09 13:34:57"
        },
        {
            "name": "kdyby/annotations",
            "version": "dev-master",
            "source": {
                "type": "git",
                "url": "https://github.com/Kdyby/Annotations.git",
                "reference": "8bff67f13d63bdb14e936e62d81010ad5c2a8acd"
            },
            "dist": {
                "type": "zip",
                "url": "https://api.github.com/repos/Kdyby/Annotations/zipball/8bff67f13d63bdb14e936e62d81010ad5c2a8acd",
                "reference": "8bff67f13d63bdb14e936e62d81010ad5c2a8acd",
                "shasum": ""
            },
            "require": {
                "doctrine/annotations": "~1.1",
                "kdyby/doctrine-cache": "~2.2",
                "nette/di": "~2.2@dev",
                "nette/utils": "~2.2@dev"
            },
            "conflict": {
                "kdyby/doctrine": "0.9.*"
            },
            "require-dev": {
                "jakub-onderka/php-parallel-lint": "~0.7",
                "kdyby/doctrine-cache": "~2.2@dev",
                "latte/latte": "~2.2@dev",
                "nette/application": "~2.2@dev",
                "nette/bootstrap": "~2.2@dev",
                "nette/caching": "~2.2@dev",
                "nette/component-model": "~2.2@dev",
                "nette/database": "~2.2@dev",
                "nette/finder": "~2.2@dev",
                "nette/forms": "~2.2@dev",
                "nette/http": "~2.2@dev",
                "nette/mail": "~2.2@dev",
                "nette/neon": "~2.2@dev",
                "nette/nette": "~2.2@dev",
                "nette/php-generator": "~2.2@dev",
                "nette/reflection": "~2.2@dev",
                "nette/robot-loader": "~2.2@dev",
                "nette/safe-stream": "~2.2@dev",
                "nette/security": "~2.2@dev",
                "nette/tester": "@dev",
                "nette/tokenizer": "~2.2@dev",
                "tracy/tracy": "~2.2@dev"
            },
            "type": "library",
            "extra": {
                "branch-alias": {
                    "dev-master": "2.1-dev"
                }
            },
            "autoload": {
                "psr-0": {
                    "Kdyby\\Annotations\\": "src/"
                }
            },
            "notification-url": "https://packagist.org/downloads/",
            "license": [
                "BSD-3-Clause",
                "GPL-2.0",
                "GPL-3.0"
            ],
            "authors": [
                {
                    "name": "Filip Procházka",
                    "email": "filip@prochazka.su",
                    "homepage": "http://filip-prochazka.com"
                },
                {
                    "name": "Jáchym Toušek",
                    "email": "enumag@gmail.com",
                    "homepage": "http://enumag.cz"
                }
            ],
            "description": "Doctrine Annotations integration into Nette Framework",
            "homepage": "http://kdyby.org",
            "keywords": [
                "annotations",
                "doctrine",
                "kdyby",
                "nette"
            ],
            "time": "2014-07-27 16:09:23"
        },
        {
            "name": "kdyby/aop",
            "version": "dev-master",
            "source": {
                "type": "git",
                "url": "https://github.com/Kdyby/Aop.git",
                "reference": "351a13dbdaf312e99773dc1ead06bd7b69a81fba"
            },
            "dist": {
                "type": "zip",
                "url": "https://api.github.com/repos/Kdyby/Aop/zipball/351a13dbdaf312e99773dc1ead06bd7b69a81fba",
                "reference": "351a13dbdaf312e99773dc1ead06bd7b69a81fba",
                "shasum": ""
            },
            "require": {
                "kdyby/annotations": "~2.0@dev",
                "nette/di": "~2.2@dev",
                "nette/php-generator": "~2.2@dev",
                "symfony/property-access": "~2.4"
            },
            "require-dev": {
                "doctrine/collections": "~1.1",
                "jakub-onderka/php-parallel-lint": "~0.7",
                "kdyby/doctrine-cache": "~2.3@dev",
                "latte/latte": "~2.2@dev",
                "nette/application": "~2.2@dev",
                "nette/bootstrap": "~2.2@dev",
                "nette/caching": "~2.2@dev",
                "nette/component-model": "~2.2@dev",
                "nette/database": "~2.2@dev",
                "nette/di": "~2.2@dev",
                "nette/finder": "~2.2@dev",
                "nette/forms": "~2.2@dev",
                "nette/http": "~2.2@dev",
                "nette/mail": "~2.2@dev",
                "nette/neon": "~2.2@dev",
                "nette/nette": "~2.2@dev",
                "nette/php-generator": "~2.2@dev",
                "nette/reflection": "~2.2@dev",
                "nette/robot-loader": "~2.2@dev",
                "nette/safe-stream": "~2.2@dev",
                "nette/security": "~2.2@dev",
                "nette/tester": "@dev",
                "nette/tokenizer": "~2.2@dev",
                "nette/utils": "~2.2@dev",
                "tracy/tracy": "~2.2@dev"
            },
            "type": "library",
            "autoload": {
                "psr-0": {
                    "Kdyby\\Aop\\": "src/"
                },
                "classmap": [
                    "src/Kdyby/Aop/annotations.php",
                    "src/Kdyby/Aop/exceptions.php"
                ]
            },
            "notification-url": "https://packagist.org/downloads/",
            "license": [
                "BSD-3-Clause",
                "GPL-2.0",
                "GPL-3.0"
            ],
            "authors": [
                {
                    "name": "Filip Procházka",
                    "email": "filip@prochazka.su",
                    "homepage": "http://filip-prochazka.com"
                }
            ],
            "description": "AOP for Nette Framework Dependency Injection Container",
            "homepage": "http://kdyby.org",
            "keywords": [
                "aop",
                "aspect",
                "di",
                "dic",
                "kdyby",
                "nette"
            ],
            "time": "2014-08-26 23:26:25"
        },
        {
            "name": "kdyby/doctrine-cache",
            "version": "dev-master",
            "source": {
                "type": "git",
                "url": "https://github.com/Kdyby/DoctrineCache.git",
                "reference": "f38af2aef6c77114e3b660263fe0392c3a874915"
            },
            "dist": {
                "type": "zip",
                "url": "https://api.github.com/repos/Kdyby/DoctrineCache/zipball/f38af2aef6c77114e3b660263fe0392c3a874915",
                "reference": "f38af2aef6c77114e3b660263fe0392c3a874915",
                "shasum": ""
            },
            "require": {
                "doctrine/cache": "~1.3",
                "nette/caching": "~2.2@dev",
                "nette/di": "~2.2@dev"
            },
            "require-dev": {
                "jakub-onderka/php-parallel-lint": "~0.7",
                "latte/latte": "~2.2@dev",
                "nette/application": "~2.2@dev",
                "nette/bootstrap": "~2.2@dev",
                "nette/caching": "~2.2@dev",
                "nette/component-model": "~2.2@dev",
                "nette/database": "~2.2@dev",
                "nette/di": "~2.2@dev",
                "nette/finder": "~2.2@dev",
                "nette/forms": "~2.2@dev",
                "nette/http": "~2.2@dev",
                "nette/mail": "~2.2@dev",
                "nette/neon": "~2.2@dev",
                "nette/nette": "~2.2@dev",
                "nette/php-generator": "~2.2@dev",
                "nette/reflection": "~2.2@dev",
                "nette/robot-loader": "~2.2@dev",
                "nette/safe-stream": "~2.2@dev",
                "nette/security": "~2.2@dev",
                "nette/tester": "@dev",
                "nette/tokenizer": "~2.2@dev",
                "nette/utils": "~2.2@dev",
                "tracy/tracy": "~2.2@dev"
            },
            "type": "library",
            "extra": {
                "branch-alias": {
                    "dev-master": "2.3-dev"
                }
            },
            "autoload": {
                "psr-0": {
                    "Kdyby\\DoctrineCache\\": "src/"
                },
                "classmap": [
                    "src/Kdyby/DoctrineCache/exceptions.php"
                ]
            },
            "notification-url": "https://packagist.org/downloads/",
            "license": [
                "BSD-3-Clause",
                "GPL-2.0",
                "GPL-3.0"
            ],
            "authors": [
                {
                    "name": "Filip Procházka",
                    "email": "filip@prochazka.su",
                    "homepage": "http://filip-prochazka.com"
                }
            ],
            "description": "Doctrine Cache bridge for Nette Framework",
            "homepage": "http://kdyby.org",
            "keywords": [
                "cache",
                "doctrine",
                "kdyby",
                "nette"
            ],
            "time": "2014-08-20 21:09:38"
        },
        {
            "name": "nette/caching",
            "version": "dev-master",
            "source": {
                "type": "git",
                "url": "https://github.com/nette/caching.git",
                "reference": "dea0fb1ddef3710b6f763e05dde46ea2e80e2660"
            },
            "dist": {
                "type": "zip",
                "url": "https://api.github.com/repos/nette/caching/zipball/dea0fb1ddef3710b6f763e05dde46ea2e80e2660",
                "reference": "dea0fb1ddef3710b6f763e05dde46ea2e80e2660",
                "shasum": ""
            },
            "require": {
                "nette/finder": "~2.2",
                "nette/utils": "~2.2",
                "php": ">=5.3.1"
            },
            "conflict": {
                "nette/nette": "<2.2"
            },
            "require-dev": {
                "latte/latte": "~2.2.2",
                "nette/tester": "~1.0"
            },
            "type": "library",
            "extra": {
                "branch-alias": {
                    "dev-master": "2.3-dev"
                }
            },
            "autoload": {
                "classmap": [
                    "src/"
                ]
            },
            "notification-url": "https://packagist.org/downloads/",
            "license": [
                "BSD-3-Clause",
                "GPL-2.0",
                "GPL-3.0"
            ],
            "authors": [
                {
                    "name": "David Grudl",
                    "homepage": "http://davidgrudl.com"
                },
                {
                    "name": "Nette Community",
                    "homepage": "http://nette.org/contributors"
                }
            ],
            "description": "Nette Caching Component",
            "homepage": "http://nette.org",
            "time": "2015-01-05 00:29:24"
        },
        {
            "name": "nette/di",
            "version": "dev-master",
            "source": {
                "type": "git",
                "url": "https://github.com/nette/di.git",
                "reference": "8d9fbae005c71d8516a1955ad0668a6219cfa350"
            },
            "dist": {
                "type": "zip",
                "url": "https://api.github.com/repos/nette/di/zipball/8d9fbae005c71d8516a1955ad0668a6219cfa350",
                "reference": "8d9fbae005c71d8516a1955ad0668a6219cfa350",
                "shasum": ""
            },
            "require": {
                "nette/neon": "~2.3",
                "nette/php-generator": "~2.2",
                "nette/reflection": "~2.2",
                "nette/utils": "~2.3",
                "php": ">=5.3.1"
            },
            "conflict": {
                "nette/nette": "<2.2"
            },
            "require-dev": {
                "nette/tester": "~1.3"
            },
            "type": "library",
            "extra": {
                "branch-alias": {
                    "dev-master": "2.3-dev"
                }
            },
            "autoload": {
                "classmap": [
                    "src/"
                ]
            },
            "notification-url": "https://packagist.org/downloads/",
            "license": [
                "BSD-3-Clause",
                "GPL-2.0",
                "GPL-3.0"
            ],
            "authors": [
                {
                    "name": "David Grudl",
                    "homepage": "http://davidgrudl.com"
                },
                {
                    "name": "Nette Community",
                    "homepage": "http://nette.org/contributors"
                }
            ],
            "description": "Nette Dependency Injection Component",
            "homepage": "http://nette.org",
            "time": "2014-12-20 14:58:41"
        },
        {
            "name": "nette/finder",
            "version": "dev-master",
            "source": {
                "type": "git",
                "url": "https://github.com/nette/finder.git",
                "reference": "7f1b614d3ca3d714a684827df2f9bb8d424372bf"
            },
            "dist": {
                "type": "zip",
                "url": "https://api.github.com/repos/nette/finder/zipball/7f1b614d3ca3d714a684827df2f9bb8d424372bf",
                "reference": "7f1b614d3ca3d714a684827df2f9bb8d424372bf",
                "shasum": ""
            },
            "require": {
                "nette/utils": "~2.2",
                "php": ">=5.3.1"
            },
            "conflict": {
                "nette/nette": "<2.2"
            },
            "require-dev": {
                "nette/tester": "~1.0"
            },
            "type": "library",
            "extra": {
                "branch-alias": {
                    "dev-master": "2.3-dev"
                }
            },
            "autoload": {
                "classmap": [
                    "src/"
                ]
            },
            "notification-url": "https://packagist.org/downloads/",
            "license": [
                "BSD-3-Clause",
                "GPL-2.0",
                "GPL-3.0"
            ],
            "authors": [
                {
                    "name": "David Grudl",
                    "homepage": "http://davidgrudl.com"
                },
                {
                    "name": "Nette Community",
                    "homepage": "http://nette.org/contributors"
                }
            ],
            "description": "Nette Finder: Files Searching",
            "homepage": "http://nette.org",
            "time": "2014-11-18 01:20:04"
        },
        {
            "name": "nette/neon",
            "version": "dev-master",
            "source": {
                "type": "git",
                "url": "https://github.com/nette/neon.git",
                "reference": "9588109efcc3cb44631cf67af47bca92b979a20a"
            },
            "dist": {
                "type": "zip",
                "url": "https://api.github.com/repos/nette/neon/zipball/9588109efcc3cb44631cf67af47bca92b979a20a",
                "reference": "9588109efcc3cb44631cf67af47bca92b979a20a",
                "shasum": ""
            },
            "require": {
                "ext-iconv": "*",
                "php": ">=5.3.1"
            },
            "require-dev": {
                "nette/tester": "~1.0"
            },
            "type": "library",
            "extra": {
                "branch-alias": {
                    "dev-master": "2.3-dev"
                }
            },
            "autoload": {
                "classmap": [
                    "src/"
                ]
            },
            "notification-url": "https://packagist.org/downloads/",
            "license": [
                "BSD-3-Clause",
                "GPL-2.0",
                "GPL-3.0"
            ],
            "authors": [
                {
                    "name": "David Grudl",
                    "homepage": "http://davidgrudl.com"
                },
                {
                    "name": "Nette Community",
                    "homepage": "http://nette.org/contributors"
                }
            ],
            "description": "Nette NEON: parser & generator for Nette Object Notation",
            "homepage": "http://ne-on.org",
            "time": "2015-01-04 23:08:10"
        },
        {
            "name": "nette/php-generator",
            "version": "dev-master",
            "source": {
                "type": "git",
                "url": "https://github.com/nette/php-generator.git",
                "reference": "d86892447689fba9fc2477d1f7c7735cb01ff861"
            },
            "dist": {
                "type": "zip",
                "url": "https://api.github.com/repos/nette/php-generator/zipball/d86892447689fba9fc2477d1f7c7735cb01ff861",
                "reference": "d86892447689fba9fc2477d1f7c7735cb01ff861",
                "shasum": ""
            },
            "require": {
                "nette/utils": "~2.2",
                "php": ">=5.3.1"
            },
            "conflict": {
                "nette/nette": "<2.2"
            },
            "require-dev": {
                "nette/tester": "~1.0"
            },
            "type": "library",
            "extra": {
                "branch-alias": {
                    "dev-master": "2.3-dev"
                }
            },
            "autoload": {
                "classmap": [
                    "src/"
                ]
            },
            "notification-url": "https://packagist.org/downloads/",
            "license": [
                "BSD-3-Clause",
                "GPL-2.0",
                "GPL-3.0"
            ],
            "authors": [
                {
                    "name": "David Grudl",
                    "homepage": "http://davidgrudl.com"
                },
                {
                    "name": "Nette Community",
                    "homepage": "http://nette.org/contributors"
                }
            ],
            "description": "Nette PHP Generator",
            "homepage": "http://nette.org",
            "time": "2014-11-18 01:21:25"
        },
        {
            "name": "nette/reflection",
            "version": "dev-master",
            "source": {
                "type": "git",
                "url": "https://github.com/nette/reflection.git",
                "reference": "0f175734f596b6930d4e2a31c0952029c8466ca5"
            },
            "dist": {
                "type": "zip",
                "url": "https://api.github.com/repos/nette/reflection/zipball/0f175734f596b6930d4e2a31c0952029c8466ca5",
                "reference": "0f175734f596b6930d4e2a31c0952029c8466ca5",
                "shasum": ""
            },
            "require": {
                "ext-tokenizer": "*",
                "nette/caching": "~2.2",
                "nette/utils": "~2.2",
                "php": ">=5.3.1"
            },
            "conflict": {
                "nette/nette": "<2.2"
            },
            "require-dev": {
                "nette/tester": "~1.0"
            },
            "type": "library",
            "extra": {
                "branch-alias": {
                    "dev-master": "2.3-dev"
                }
            },
            "autoload": {
                "classmap": [
                    "src/"
                ]
            },
            "notification-url": "https://packagist.org/downloads/",
            "license": [
                "BSD-3-Clause",
                "GPL-2.0",
                "GPL-3.0"
            ],
            "authors": [
                {
                    "name": "David Grudl",
                    "homepage": "http://davidgrudl.com"
                },
                {
                    "name": "Nette Community",
                    "homepage": "http://nette.org/contributors"
                }
            ],
            "description": "Nette PHP Reflection Component",
            "homepage": "http://nette.org",
            "time": "2015-01-04 21:40:13"
        },
        {
            "name": "nette/security",
            "version": "dev-master",
            "source": {
                "type": "git",
                "url": "https://github.com/nette/security.git",
                "reference": "0ac79ec51dbac05f46ac143e12ca708380eb8a2c"
            },
            "dist": {
                "type": "zip",
                "url": "https://api.github.com/repos/nette/security/zipball/0ac79ec51dbac05f46ac143e12ca708380eb8a2c",
                "reference": "0ac79ec51dbac05f46ac143e12ca708380eb8a2c",
                "shasum": ""
            },
            "require": {
                "nette/utils": "~2.2",
                "php": ">=5.3.1"
            },
            "conflict": {
                "nette/nette": "<2.2"
            },
            "require-dev": {
                "nette/tester": "~1.0"
            },
            "type": "library",
            "extra": {
                "branch-alias": {
                    "dev-master": "2.3-dev"
                }
            },
            "autoload": {
                "classmap": [
                    "src/"
                ]
            },
            "notification-url": "https://packagist.org/downloads/",
            "license": [
                "BSD-3-Clause",
                "GPL-2.0",
                "GPL-3.0"
            ],
            "authors": [
                {
                    "name": "David Grudl",
                    "homepage": "http://davidgrudl.com"
                },
                {
                    "name": "Nette Community",
                    "homepage": "http://nette.org/contributors"
                }
            ],
            "description": "Nette Security: Access Control Component",
            "homepage": "http://nette.org",
            "time": "2014-11-25 13:13:43"
        },
        {
            "name": "nette/utils",
            "version": "dev-master",
            "source": {
                "type": "git",
                "url": "https://github.com/nette/utils.git",
                "reference": "50dbab6989f280d1433a360dc8cde8c470c85793"
            },
            "dist": {
                "type": "zip",
                "url": "https://api.github.com/repos/nette/utils/zipball/50dbab6989f280d1433a360dc8cde8c470c85793",
                "reference": "50dbab6989f280d1433a360dc8cde8c470c85793",
                "shasum": ""
            },
            "require": {
                "php": ">=5.3.1"
            },
            "conflict": {
                "nette/nette": "<2.2"
            },
            "require-dev": {
                "nette/tester": "~1.0"
            },
            "suggest": {
                "ext-gd": "to use Image",
                "ext-iconv": "to use Strings::webalize() and toAscii()",
                "ext-intl": "for script transliteration in Strings::webalize() and toAscii()",
                "ext-mbstring": "to use Strings::lower() etc..."
            },
            "type": "library",
            "extra": {
                "branch-alias": {
                    "dev-master": "2.3-dev"
                }
            },
            "autoload": {
                "classmap": [
                    "src/"
                ]
            },
            "notification-url": "https://packagist.org/downloads/",
            "license": [
                "BSD-3-Clause",
                "GPL-2.0",
                "GPL-3.0"
            ],
            "authors": [
                {
                    "name": "David Grudl",
                    "homepage": "http://davidgrudl.com"
                },
                {
                    "name": "Nette Community",
                    "homepage": "http://nette.org/contributors"
                }
            ],
            "description": "Nette Utility Classes",
            "homepage": "http://nette.org",
            "time": "2014-12-31 15:23:58"
        },
        {
            "name": "symfony/property-access",
            "version": "2.7.x-dev",
            "target-dir": "Symfony/Component/PropertyAccess",
            "source": {
                "type": "git",
                "url": "https://github.com/symfony/PropertyAccess.git",
                "reference": "43630a737e005decdb8fce47775f1f5bbc447529"
            },
            "dist": {
                "type": "zip",
                "url": "https://api.github.com/repos/symfony/PropertyAccess/zipball/43630a737e005decdb8fce47775f1f5bbc447529",
                "reference": "43630a737e005decdb8fce47775f1f5bbc447529",
                "shasum": ""
            },
            "require": {
                "php": ">=5.3.3"
            },
            "type": "library",
            "extra": {
                "branch-alias": {
                    "dev-master": "2.7-dev"
                }
            },
            "autoload": {
                "psr-0": {
                    "Symfony\\Component\\PropertyAccess\\": ""
                }
            },
            "notification-url": "https://packagist.org/downloads/",
            "license": [
                "MIT"
            ],
            "authors": [
                {
                    "name": "Symfony Community",
                    "homepage": "http://symfony.com/contributors"
                },
                {
                    "name": "Fabien Potencier",
                    "email": "fabien@symfony.com"
                }
            ],
            "description": "Symfony PropertyAccess Component",
            "homepage": "http://symfony.com",
            "keywords": [
                "access",
                "array",
                "extraction",
                "index",
                "injection",
                "object",
                "property",
                "property path",
                "reflection"
            ],
            "time": "2015-01-03 15:46:01"
        }
    ],
    "packages-dev": [
        {
            "name": "nette/tester",
            "version": "dev-master",
            "source": {
                "type": "git",
                "url": "https://github.com/nette/tester.git",
                "reference": "76153d57bd1175142e4fa800e8782a7449d11136"
            },
            "dist": {
                "type": "zip",
                "url": "https://api.github.com/repos/nette/tester/zipball/76153d57bd1175142e4fa800e8782a7449d11136",
                "reference": "76153d57bd1175142e4fa800e8782a7449d11136",
                "shasum": ""
            },
            "require": {
                "php": ">=5.3.0"
            },
            "bin": [
                "Tester/tester"
            ],
            "type": "library",
            "extra": {
                "branch-alias": {
                    "dev-master": "1.3-dev"
                }
            },
            "autoload": {
                "classmap": [
                    "Tester/"
                ]
            },
            "notification-url": "https://packagist.org/downloads/",
            "license": [
                "BSD-3-Clause",
                "GPL-2.0",
                "GPL-3.0"
            ],
            "authors": [
                {
                    "name": "David Grudl",
                    "homepage": "http://davidgrudl.com"
                },
                {
                    "name": "Nette Community",
                    "homepage": "http://nette.org/contributors"
                }
            ],
            "description": "An easy-to-use PHP unit testing framework.",
            "homepage": "http://nette.org",
            "keywords": [
                "nette",
                "testing",
                "unit"
            ],
            "time": "2014-12-18 12:08:52"
        },
        {
            "name": "redhead/mockyll",
            "version": "dev-master",
            "source": {
                "type": "git",
                "url": "https://github.com/redhead/mockyll.git",
                "reference": "543a5c8b960a5cedf6aa5fd71b4f9047bb3a33db"
            },
            "dist": {
                "type": "zip",
                "url": "https://api.github.com/repos/redhead/mockyll/zipball/543a5c8b960a5cedf6aa5fd71b4f9047bb3a33db",
                "reference": "543a5c8b960a5cedf6aa5fd71b4f9047bb3a33db",
                "shasum": ""
            },
            "require": {
                "nette/tester": "@dev"
            },
            "type": "library",
            "autoload": {
                "classmap": [
                    "src/"
                ]
            },
            "notification-url": "https://packagist.org/downloads/",
            "license": [
                "MIT"
            ],
            "authors": [
                {
                    "name": "Radek Ježdík"
                }
            ],
            "description": "Mocking library for PHP (>= 5.4).",
            "time": "2013-09-15 20:12:46"
        }
    ],
    "aliases": [],
    "minimum-stability": "dev",
    "stability-flags": {
        "kdyby/aop": 20,
        "nette/security": 20,
        "nette/tester": 20,
        "redhead/mockyll": 20
    },
    "prefer-stable": false,
    "prefer-lowest": false,
    "platform": [],
    "platform-dev": []
}
